// !$*UTF8*$!
{
	archiveVersion = 1;
	classes = {
	};
	objectVersion = 48;
	objects = {

/* Begin PBXBuildFile section */
		5A3A0D811F9F2EA8007004CC /* TokutenView.storyboard in Resources */ = {isa = PBXBuildFile; fileRef = 5A3A0D801F9F2EA7007004CC /* TokutenView.storyboard */; };
		5A3A0D831F9F398E007004CC /* SettingViewController.swift in Sources */ = {isa = PBXBuildFile; fileRef = 5A3A0D821F9F398E007004CC /* SettingViewController.swift */; };
		5A3A0D851F9F39E3007004CC /* SettingView.storyboard in Resources */ = {isa = PBXBuildFile; fileRef = 5A3A0D841F9F39E3007004CC /* SettingView.storyboard */; };
		5A450A571FA053C400A63FB5 /* YakuTableViewCell.swift in Sources */ = {isa = PBXBuildFile; fileRef = 5A450A551FA053C400A63FB5 /* YakuTableViewCell.swift */; };
		5A450A581FA053C400A63FB5 /* YakuTableViewCell.xib in Resources */ = {isa = PBXBuildFile; fileRef = 5A450A561FA053C400A63FB5 /* YakuTableViewCell.xib */; };
		5A450A5A1FA07E2B00A63FB5 /* AgariTapGestureRecognizer.swift in Sources */ = {isa = PBXBuildFile; fileRef = 5A450A591FA07E2B00A63FB5 /* AgariTapGestureRecognizer.swift */; };
		5A450A5C1FA191D500A63FB5 /* HaiSelecterView.storyboard in Resources */ = {isa = PBXBuildFile; fileRef = 5A450A5B1FA191D500A63FB5 /* HaiSelecterView.storyboard */; };
		5A450A5E1FA191E400A63FB5 /* HaiSelecterViewController.swift in Sources */ = {isa = PBXBuildFile; fileRef = 5A450A5D1FA191E400A63FB5 /* HaiSelecterViewController.swift */; };
		5A450A601FA1BE2D00A63FB5 /* AgariView.xib in Resources */ = {isa = PBXBuildFile; fileRef = 5A450A5F1FA1BE2D00A63FB5 /* AgariView.xib */; };
		5A450A621FA1BEBA00A63FB5 /* AgariView.swift in Sources */ = {isa = PBXBuildFile; fileRef = 5A450A611FA1BEBA00A63FB5 /* AgariView.swift */; };
		5A46BE861F9AD40F008F1ACB /* opencv2.framework in Frameworks */ = {isa = PBXBuildFile; fileRef = 5A46BE851F9AD40F008F1ACB /* opencv2.framework */; };
		5A46BE891F9AD48A008F1ACB /* OpenCVWrapper.mm in Sources */ = {isa = PBXBuildFile; fileRef = 5A46BE881F9AD48A008F1ACB /* OpenCVWrapper.mm */; };
		5A46BE8C1F9AD93D008F1ACB /* AVCapture.swift in Sources */ = {isa = PBXBuildFile; fileRef = 5A46BE8B1F9AD93D008F1ACB /* AVCapture.swift */; };
		5A46BE8E1F9AE181008F1ACB /* Resource in Resources */ = {isa = PBXBuildFile; fileRef = 5A46BE8D1F9AE180008F1ACB /* Resource */; };
		5A46BE911F9AE1D1008F1ACB /* TehaiTableViewCell.xib in Resources */ = {isa = PBXBuildFile; fileRef = 5A46BE8F1F9AE1D0008F1ACB /* TehaiTableViewCell.xib */; };
		5A46BE921F9AE1D1008F1ACB /* TehaiView.xib in Resources */ = {isa = PBXBuildFile; fileRef = 5A46BE901F9AE1D0008F1ACB /* TehaiView.xib */; };
		5A46BE941F9AE1F0008F1ACB /* TehaiView.swift in Sources */ = {isa = PBXBuildFile; fileRef = 5A46BE931F9AE1F0008F1ACB /* TehaiView.swift */; };
		5A46BE961F9AE204008F1ACB /* TehaiTableViewCell.swift in Sources */ = {isa = PBXBuildFile; fileRef = 5A46BE951F9AE204008F1ACB /* TehaiTableViewCell.swift */; };
		5A46BE9A1F9AE51B008F1ACB /* Tile.swift in Sources */ = {isa = PBXBuildFile; fileRef = 5A46BE991F9AE51B008F1ACB /* Tile.swift */; };
		5A46BEA01F9B139C008F1ACB /* NotenView.xib in Resources */ = {isa = PBXBuildFile; fileRef = 5A46BE9E1F9B139B008F1ACB /* NotenView.xib */; };
		5A46BEA21F9B13BB008F1ACB /* NotenView.swift in Sources */ = {isa = PBXBuildFile; fileRef = 5A46BEA11F9B13BB008F1ACB /* NotenView.swift */; };
		5A46BEA61F9B1DB0008F1ACB /* TenpaiView.xib in Resources */ = {isa = PBXBuildFile; fileRef = 5A46BEA51F9B1DB0008F1ACB /* TenpaiView.xib */; };
		5A46BEA81F9B26AB008F1ACB /* TenpaiView.swift in Sources */ = {isa = PBXBuildFile; fileRef = 5A46BEA71F9B26AB008F1ACB /* TenpaiView.swift */; };
		5AA52CB81F9B51E1006107AB /* Solver_Toitsu.swift in Sources */ = {isa = PBXBuildFile; fileRef = 5AA52CAD1F9B51DF006107AB /* Solver_Toitsu.swift */; };
		5AA52CB91F9B51E1006107AB /* Solver_Mentsu.swift in Sources */ = {isa = PBXBuildFile; fileRef = 5AA52CAE1F9B51DF006107AB /* Solver_Mentsu.swift */; };
		5AA52CBA1F9B51E1006107AB /* Solver_Kotsu.swift in Sources */ = {isa = PBXBuildFile; fileRef = 5AA52CAF1F9B51DF006107AB /* Solver_Kotsu.swift */; };
		5AA52CBB1F9B51E1006107AB /* Solver_PersonalSituation.swift in Sources */ = {isa = PBXBuildFile; fileRef = 5AA52CB01F9B51E0006107AB /* Solver_PersonalSituation.swift */; };
		5AA52CBC1F9B51E1006107AB /* Solver_Yaku.swift in Sources */ = {isa = PBXBuildFile; fileRef = 5AA52CB11F9B51E0006107AB /* Solver_Yaku.swift */; };
		5AA52CBD1F9B51E1006107AB /* Solver_Syuntsu.swift in Sources */ = {isa = PBXBuildFile; fileRef = 5AA52CB21F9B51E0006107AB /* Solver_Syuntsu.swift */; };
		5AA52CBE1F9B51E1006107AB /* Solver_Calculator.swift in Sources */ = {isa = PBXBuildFile; fileRef = 5AA52CB31F9B51E0006107AB /* Solver_Calculator.swift */; };
		5AA52CBF1F9B51E1006107AB /* Solver_Hand.swift in Sources */ = {isa = PBXBuildFile; fileRef = 5AA52CB41F9B51E0006107AB /* Solver_Hand.swift */; };
		5AA52CC01F9B51E1006107AB /* Solver_GeneralSituation.swift in Sources */ = {isa = PBXBuildFile; fileRef = 5AA52CB51F9B51E1006107AB /* Solver_GeneralSituation.swift */; };
		5AA52CC11F9B51E1006107AB /* Solver_CompMentsu.swift in Sources */ = {isa = PBXBuildFile; fileRef = 5AA52CB61F9B51E1006107AB /* Solver_CompMentsu.swift */; };
		5AA52CC21F9B51E1006107AB /* Solver_Tenpai.swift in Sources */ = {isa = PBXBuildFile; fileRef = 5AA52CB71F9B51E1006107AB /* Solver_Tenpai.swift */; };
		5AA52CC41F9B65AA006107AB /* Solver_Noten.swift in Sources */ = {isa = PBXBuildFile; fileRef = 5AA52CC31F9B65AA006107AB /* Solver_Noten.swift */; };
		5AA52CC91F9C1D4F006107AB /* TenpaiTableViewCell.swift in Sources */ = {isa = PBXBuildFile; fileRef = 5AA52CC71F9C1D4F006107AB /* TenpaiTableViewCell.swift */; };
		5AA52CCA1F9C1D4F006107AB /* TenpaiTableViewCell.xib in Resources */ = {isa = PBXBuildFile; fileRef = 5AA52CC81F9C1D4F006107AB /* TenpaiTableViewCell.xib */; };
		5AA52CCC1F9C230A006107AB /* TenpaiData.swift in Sources */ = {isa = PBXBuildFile; fileRef = 5AA52CCB1F9C230A006107AB /* TenpaiData.swift */; };
		5AA52CD01F9C5101006107AB /* TokutenViewController.swift in Sources */ = {isa = PBXBuildFile; fileRef = 5AA52CCF1F9C5101006107AB /* TokutenViewController.swift */; };
		5AA66FC11FB2C04600850EA9 /* NotenYakuView.xib in Resources */ = {isa = PBXBuildFile; fileRef = 5AA66FC01FB2C04600850EA9 /* NotenYakuView.xib */; };
		5AA66FC31FB2C0C500850EA9 /* NotenYakuView.swift in Sources */ = {isa = PBXBuildFile; fileRef = 5AA66FC21FB2C0C500850EA9 /* NotenYakuView.swift */; };
		5AA66FC61FB2CA8F00850EA9 /* NotenYakuViewCell.swift in Sources */ = {isa = PBXBuildFile; fileRef = 5AA66FC41FB2CA8F00850EA9 /* NotenYakuViewCell.swift */; };
		5AA66FC71FB2CA8F00850EA9 /* NotenYakuViewCell.xib in Resources */ = {isa = PBXBuildFile; fileRef = 5AA66FC51FB2CA8F00850EA9 /* NotenYakuViewCell.xib */; };
		5AEEBAAD1F98994D00E006F3 /* AppDelegate.swift in Sources */ = {isa = PBXBuildFile; fileRef = 5AEEBAAC1F98994D00E006F3 /* AppDelegate.swift */; };
		5AEEBAAF1F98994D00E006F3 /* ViewController.swift in Sources */ = {isa = PBXBuildFile; fileRef = 5AEEBAAE1F98994D00E006F3 /* ViewController.swift */; };
		5AEEBAB21F98994D00E006F3 /* Main.storyboard in Resources */ = {isa = PBXBuildFile; fileRef = 5AEEBAB01F98994D00E006F3 /* Main.storyboard */; };
		5AEEBAB41F98994D00E006F3 /* Assets.xcassets in Resources */ = {isa = PBXBuildFile; fileRef = 5AEEBAB31F98994D00E006F3 /* Assets.xcassets */; };
		5AEEBAB71F98994D00E006F3 /* LaunchScreen.storyboard in Resources */ = {isa = PBXBuildFile; fileRef = 5AEEBAB51F98994D00E006F3 /* LaunchScreen.storyboard */; };
		6B31C7741F9BE2C900B612D6 /* CoreMLHaiClassifier.mlmodel in Sources */ = {isa = PBXBuildFile; fileRef = 6B31C7731F9BE2B800B612D6 /* CoreMLHaiClassifier.mlmodel */; };
		6B31C7761F9BE2FE00B612D6 /* Recognizer.swift in Sources */ = {isa = PBXBuildFile; fileRef = 6B31C7751F9BE2FE00B612D6 /* Recognizer.swift */; };
/* End PBXBuildFile section */

/* Begin PBXFileReference section */
		5A3A0D801F9F2EA7007004CC /* TokutenView.storyboard */ = {isa = PBXFileReference; fileEncoding = 4; lastKnownFileType = file.storyboard; path = TokutenView.storyboard; sourceTree = "<group>"; };
		5A3A0D821F9F398E007004CC /* SettingViewController.swift */ = {isa = PBXFileReference; lastKnownFileType = sourcecode.swift; path = SettingViewController.swift; sourceTree = "<group>"; };
		5A3A0D841F9F39E3007004CC /* SettingView.storyboard */ = {isa = PBXFileReference; lastKnownFileType = file.storyboard; path = SettingView.storyboard; sourceTree = "<group>"; };
		5A450A551FA053C400A63FB5 /* YakuTableViewCell.swift */ = {isa = PBXFileReference; lastKnownFileType = sourcecode.swift; path = YakuTableViewCell.swift; sourceTree = "<group>"; };
		5A450A561FA053C400A63FB5 /* YakuTableViewCell.xib */ = {isa = PBXFileReference; lastKnownFileType = file.xib; path = YakuTableViewCell.xib; sourceTree = "<group>"; };
		5A450A591FA07E2B00A63FB5 /* AgariTapGestureRecognizer.swift */ = {isa = PBXFileReference; lastKnownFileType = sourcecode.swift; path = AgariTapGestureRecognizer.swift; sourceTree = "<group>"; };
		5A450A5B1FA191D500A63FB5 /* HaiSelecterView.storyboard */ = {isa = PBXFileReference; lastKnownFileType = file.storyboard; path = HaiSelecterView.storyboard; sourceTree = "<group>"; };
		5A450A5D1FA191E400A63FB5 /* HaiSelecterViewController.swift */ = {isa = PBXFileReference; lastKnownFileType = sourcecode.swift; path = HaiSelecterViewController.swift; sourceTree = "<group>"; };
		5A450A5F1FA1BE2D00A63FB5 /* AgariView.xib */ = {isa = PBXFileReference; lastKnownFileType = file.xib; path = AgariView.xib; sourceTree = "<group>"; };
		5A450A611FA1BEBA00A63FB5 /* AgariView.swift */ = {isa = PBXFileReference; lastKnownFileType = sourcecode.swift; path = AgariView.swift; sourceTree = "<group>"; };
		5A46BE851F9AD40F008F1ACB /* opencv2.framework */ = {isa = PBXFileReference; lastKnownFileType = wrapper.framework; path = opencv2.framework; sourceTree = "<group>"; };
		5A46BE871F9AD48A008F1ACB /* JongHelper-Bridging-Header.h */ = {isa = PBXFileReference; lastKnownFileType = sourcecode.c.h; path = "JongHelper-Bridging-Header.h"; sourceTree = "<group>"; };
		5A46BE881F9AD48A008F1ACB /* OpenCVWrapper.mm */ = {isa = PBXFileReference; lastKnownFileType = sourcecode.cpp.objcpp; path = OpenCVWrapper.mm; sourceTree = "<group>"; };
		5A46BE8A1F9AD49A008F1ACB /* OpenCVWrapper.h */ = {isa = PBXFileReference; lastKnownFileType = sourcecode.c.h; path = OpenCVWrapper.h; sourceTree = "<group>"; };
		5A46BE8B1F9AD93D008F1ACB /* AVCapture.swift */ = {isa = PBXFileReference; lastKnownFileType = sourcecode.swift; path = AVCapture.swift; sourceTree = "<group>"; };
		5A46BE8D1F9AE180008F1ACB /* Resource */ = {isa = PBXFileReference; lastKnownFileType = folder; path = Resource; sourceTree = "<group>"; };
		5A46BE8F1F9AE1D0008F1ACB /* TehaiTableViewCell.xib */ = {isa = PBXFileReference; fileEncoding = 4; lastKnownFileType = file.xib; path = TehaiTableViewCell.xib; sourceTree = "<group>"; };
		5A46BE901F9AE1D0008F1ACB /* TehaiView.xib */ = {isa = PBXFileReference; fileEncoding = 4; lastKnownFileType = file.xib; path = TehaiView.xib; sourceTree = "<group>"; };
		5A46BE931F9AE1F0008F1ACB /* TehaiView.swift */ = {isa = PBXFileReference; lastKnownFileType = sourcecode.swift; path = TehaiView.swift; sourceTree = "<group>"; };
		5A46BE951F9AE204008F1ACB /* TehaiTableViewCell.swift */ = {isa = PBXFileReference; lastKnownFileType = sourcecode.swift; path = TehaiTableViewCell.swift; sourceTree = "<group>"; };
		5A46BE991F9AE51B008F1ACB /* Tile.swift */ = {isa = PBXFileReference; lastKnownFileType = sourcecode.swift; path = Tile.swift; sourceTree = "<group>"; };
		5A46BE9E1F9B139B008F1ACB /* NotenView.xib */ = {isa = PBXFileReference; fileEncoding = 4; lastKnownFileType = file.xib; path = NotenView.xib; sourceTree = "<group>"; };
		5A46BEA11F9B13BB008F1ACB /* NotenView.swift */ = {isa = PBXFileReference; lastKnownFileType = sourcecode.swift; path = NotenView.swift; sourceTree = "<group>"; };
		5A46BEA51F9B1DB0008F1ACB /* TenpaiView.xib */ = {isa = PBXFileReference; lastKnownFileType = file.xib; path = TenpaiView.xib; sourceTree = "<group>"; };
		5A46BEA71F9B26AB008F1ACB /* TenpaiView.swift */ = {isa = PBXFileReference; lastKnownFileType = sourcecode.swift; path = TenpaiView.swift; sourceTree = "<group>"; };
		5AA52CAD1F9B51DF006107AB /* Solver_Toitsu.swift */ = {isa = PBXFileReference; lastKnownFileType = sourcecode.swift; path = Solver_Toitsu.swift; sourceTree = "<group>"; };
		5AA52CAE1F9B51DF006107AB /* Solver_Mentsu.swift */ = {isa = PBXFileReference; lastKnownFileType = sourcecode.swift; path = Solver_Mentsu.swift; sourceTree = "<group>"; };
		5AA52CAF1F9B51DF006107AB /* Solver_Kotsu.swift */ = {isa = PBXFileReference; lastKnownFileType = sourcecode.swift; path = Solver_Kotsu.swift; sourceTree = "<group>"; };
		5AA52CB01F9B51E0006107AB /* Solver_PersonalSituation.swift */ = {isa = PBXFileReference; lastKnownFileType = sourcecode.swift; path = Solver_PersonalSituation.swift; sourceTree = "<group>"; };
		5AA52CB11F9B51E0006107AB /* Solver_Yaku.swift */ = {isa = PBXFileReference; lastKnownFileType = sourcecode.swift; path = Solver_Yaku.swift; sourceTree = "<group>"; };
		5AA52CB21F9B51E0006107AB /* Solver_Syuntsu.swift */ = {isa = PBXFileReference; lastKnownFileType = sourcecode.swift; path = Solver_Syuntsu.swift; sourceTree = "<group>"; };
		5AA52CB31F9B51E0006107AB /* Solver_Calculator.swift */ = {isa = PBXFileReference; lastKnownFileType = sourcecode.swift; path = Solver_Calculator.swift; sourceTree = "<group>"; };
		5AA52CB41F9B51E0006107AB /* Solver_Hand.swift */ = {isa = PBXFileReference; lastKnownFileType = sourcecode.swift; path = Solver_Hand.swift; sourceTree = "<group>"; };
		5AA52CB51F9B51E1006107AB /* Solver_GeneralSituation.swift */ = {isa = PBXFileReference; lastKnownFileType = sourcecode.swift; path = Solver_GeneralSituation.swift; sourceTree = "<group>"; };
		5AA52CB61F9B51E1006107AB /* Solver_CompMentsu.swift */ = {isa = PBXFileReference; lastKnownFileType = sourcecode.swift; path = Solver_CompMentsu.swift; sourceTree = "<group>"; };
		5AA52CB71F9B51E1006107AB /* Solver_Tenpai.swift */ = {isa = PBXFileReference; lastKnownFileType = sourcecode.swift; path = Solver_Tenpai.swift; sourceTree = "<group>"; };
		5AA52CC31F9B65AA006107AB /* Solver_Noten.swift */ = {isa = PBXFileReference; fileEncoding = 4; lastKnownFileType = sourcecode.swift; path = Solver_Noten.swift; sourceTree = "<group>"; };
		5AA52CC71F9C1D4F006107AB /* TenpaiTableViewCell.swift */ = {isa = PBXFileReference; lastKnownFileType = sourcecode.swift; path = TenpaiTableViewCell.swift; sourceTree = "<group>"; };
		5AA52CC81F9C1D4F006107AB /* TenpaiTableViewCell.xib */ = {isa = PBXFileReference; lastKnownFileType = file.xib; path = TenpaiTableViewCell.xib; sourceTree = "<group>"; };
		5AA52CCB1F9C230A006107AB /* TenpaiData.swift */ = {isa = PBXFileReference; lastKnownFileType = sourcecode.swift; path = TenpaiData.swift; sourceTree = "<group>"; };
		5AA52CCF1F9C5101006107AB /* TokutenViewController.swift */ = {isa = PBXFileReference; lastKnownFileType = sourcecode.swift; path = TokutenViewController.swift; sourceTree = "<group>"; };
		5AA66FC01FB2C04600850EA9 /* NotenYakuView.xib */ = {isa = PBXFileReference; lastKnownFileType = file.xib; path = NotenYakuView.xib; sourceTree = "<group>"; };
		5AA66FC21FB2C0C500850EA9 /* NotenYakuView.swift */ = {isa = PBXFileReference; lastKnownFileType = sourcecode.swift; path = NotenYakuView.swift; sourceTree = "<group>"; };
		5AA66FC41FB2CA8F00850EA9 /* NotenYakuViewCell.swift */ = {isa = PBXFileReference; lastKnownFileType = sourcecode.swift; path = NotenYakuViewCell.swift; sourceTree = "<group>"; };
		5AA66FC51FB2CA8F00850EA9 /* NotenYakuViewCell.xib */ = {isa = PBXFileReference; lastKnownFileType = file.xib; path = NotenYakuViewCell.xib; sourceTree = "<group>"; };
		5AEEBAA91F98994D00E006F3 /* JongHelper.app */ = {isa = PBXFileReference; explicitFileType = wrapper.application; includeInIndex = 0; path = JongHelper.app; sourceTree = BUILT_PRODUCTS_DIR; };
		5AEEBAAC1F98994D00E006F3 /* AppDelegate.swift */ = {isa = PBXFileReference; lastKnownFileType = sourcecode.swift; path = AppDelegate.swift; sourceTree = "<group>"; };
		5AEEBAAE1F98994D00E006F3 /* ViewController.swift */ = {isa = PBXFileReference; lastKnownFileType = sourcecode.swift; path = ViewController.swift; sourceTree = "<group>"; };
		5AEEBAB11F98994D00E006F3 /* Base */ = {isa = PBXFileReference; lastKnownFileType = file.storyboard; name = Base; path = Base.lproj/Main.storyboard; sourceTree = "<group>"; };
		5AEEBAB31F98994D00E006F3 /* Assets.xcassets */ = {isa = PBXFileReference; lastKnownFileType = folder.assetcatalog; path = Assets.xcassets; sourceTree = "<group>"; };
		5AEEBAB61F98994D00E006F3 /* Base */ = {isa = PBXFileReference; lastKnownFileType = file.storyboard; name = Base; path = Base.lproj/LaunchScreen.storyboard; sourceTree = "<group>"; };
		5AEEBAB81F98994D00E006F3 /* Info.plist */ = {isa = PBXFileReference; lastKnownFileType = text.plist.xml; path = Info.plist; sourceTree = "<group>"; };
		6B31C7731F9BE2B800B612D6 /* CoreMLHaiClassifier.mlmodel */ = {isa = PBXFileReference; lastKnownFileType = file.mlmodel; path = CoreMLHaiClassifier.mlmodel; sourceTree = "<group>"; };
		6B31C7751F9BE2FE00B612D6 /* Recognizer.swift */ = {isa = PBXFileReference; lastKnownFileType = sourcecode.swift; path = Recognizer.swift; sourceTree = "<group>"; };
/* End PBXFileReference section */

/* Begin PBXFrameworksBuildPhase section */
		5AEEBAA61F98994D00E006F3 /* Frameworks */ = {
			isa = PBXFrameworksBuildPhase;
			buildActionMask = 2147483647;
			files = (
				5A46BE861F9AD40F008F1ACB /* opencv2.framework in Frameworks */,
			);
			runOnlyForDeploymentPostprocessing = 0;
		};
/* End PBXFrameworksBuildPhase section */

/* Begin PBXGroup section */
		5AEEBAA01F98994D00E006F3 = {
			isa = PBXGroup;
			children = (
				5AEEBAAB1F98994D00E006F3 /* JongHelper */,
				5AEEBAAA1F98994D00E006F3 /* Products */,
			);
			sourceTree = "<group>";
		};
		5AEEBAAA1F98994D00E006F3 /* Products */ = {
			isa = PBXGroup;
			children = (
				5AEEBAA91F98994D00E006F3 /* JongHelper.app */,
			);
			name = Products;
			sourceTree = "<group>";
		};
		5AEEBAAB1F98994D00E006F3 /* JongHelper */ = {
			isa = PBXGroup;
			children = (
				5A46BE8D1F9AE180008F1ACB /* Resource */,
				5A46BE851F9AD40F008F1ACB /* opencv2.framework */,
				5A46BE871F9AD48A008F1ACB /* JongHelper-Bridging-Header.h */,
				5A46BE8A1F9AD49A008F1ACB /* OpenCVWrapper.h */,
				6B31C7731F9BE2B800B612D6 /* CoreMLHaiClassifier.mlmodel */,
				5A46BE881F9AD48A008F1ACB /* OpenCVWrapper.mm */,
				5AEEBAB81F98994D00E006F3 /* Info.plist */,
				5A450A5B1FA191D500A63FB5 /* HaiSelecterView.storyboard */,
				5A3A0D841F9F39E3007004CC /* SettingView.storyboard */,
				5A3A0D801F9F2EA7007004CC /* TokutenView.storyboard */,
				5A450A591FA07E2B00A63FB5 /* AgariTapGestureRecognizer.swift */,
				5AEEBAAC1F98994D00E006F3 /* AppDelegate.swift */,
				5A46BE8B1F9AD93D008F1ACB /* AVCapture.swift */,
				5A450A5D1FA191E400A63FB5 /* HaiSelecterViewController.swift */,
				5A46BEA11F9B13BB008F1ACB /* NotenView.swift */,
				6B31C7751F9BE2FE00B612D6 /* Recognizer.swift */,
				5A3A0D821F9F398E007004CC /* SettingViewController.swift */,
				5A46BE951F9AE204008F1ACB /* TehaiTableViewCell.swift */,
				5A46BE931F9AE1F0008F1ACB /* TehaiView.swift */,
				5AA52CCB1F9C230A006107AB /* TenpaiData.swift */,
				5AA52CC71F9C1D4F006107AB /* TenpaiTableViewCell.swift */,
				5A46BEA71F9B26AB008F1ACB /* TenpaiView.swift */,
				5A46BE991F9AE51B008F1ACB /* Tile.swift */,
				5AA52CCF1F9C5101006107AB /* TokutenViewController.swift */,
				5AEEBAAE1F98994D00E006F3 /* ViewController.swift */,
				5A450A551FA053C400A63FB5 /* YakuTableViewCell.swift */,
				5AEEBAB31F98994D00E006F3 /* Assets.xcassets */,
				5A46BE9E1F9B139B008F1ACB /* NotenView.xib */,
				5AA66FC01FB2C04600850EA9 /* NotenYakuView.xib */,
				5A46BE8F1F9AE1D0008F1ACB /* TehaiTableViewCell.xib */,
				5A46BE901F9AE1D0008F1ACB /* TehaiView.xib */,
				5AA52CC81F9C1D4F006107AB /* TenpaiTableViewCell.xib */,
				5A46BEA51F9B1DB0008F1ACB /* TenpaiView.xib */,
				5A450A561FA053C400A63FB5 /* YakuTableViewCell.xib */,
				5AEEBAB51F98994D00E006F3 /* LaunchScreen.storyboard */,
				5AEEBAB01F98994D00E006F3 /* Main.storyboard */,
				9975A4151F9CFB7D00968D2F /* Solver */,
				5A450A5F1FA1BE2D00A63FB5 /* AgariView.xib */,
				5A450A611FA1BEBA00A63FB5 /* AgariView.swift */,
				5AA66FC21FB2C0C500850EA9 /* NotenYakuView.swift */,
				5AA66FC41FB2CA8F00850EA9 /* NotenYakuViewCell.swift */,
				5AA66FC51FB2CA8F00850EA9 /* NotenYakuViewCell.xib */,
			);
			path = JongHelper;
			sourceTree = "<group>";
		};
		9975A4151F9CFB7D00968D2F /* Solver */ = {
			isa = PBXGroup;
			children = (
				9975A4171F9CFC5800968D2F /* Mentu */,
				5AA52CB31F9B51E0006107AB /* Solver_Calculator.swift */,
				5AA52CB51F9B51E1006107AB /* Solver_GeneralSituation.swift */,
				5AA52CB41F9B51E0006107AB /* Solver_Hand.swift */,
				5AA52CB61F9B51E1006107AB /* Solver_CompMentsu.swift */,
				5AA52CB01F9B51E0006107AB /* Solver_PersonalSituation.swift */,
				5AA52CC31F9B65AA006107AB /* Solver_Noten.swift */,
				5AA52CB71F9B51E1006107AB /* Solver_Tenpai.swift */,
				5AA52CB11F9B51E0006107AB /* Solver_Yaku.swift */,
			);
			path = Solver;
			sourceTree = "<group>";
		};
		9975A4171F9CFC5800968D2F /* Mentu */ = {
			isa = PBXGroup;
			children = (
				5AA52CB21F9B51E0006107AB /* Solver_Syuntsu.swift */,
				5AA52CAD1F9B51DF006107AB /* Solver_Toitsu.swift */,
				5AA52CAF1F9B51DF006107AB /* Solver_Kotsu.swift */,
				5AA52CAE1F9B51DF006107AB /* Solver_Mentsu.swift */,
			);
			path = Mentu;
			sourceTree = "<group>";
		};
/* End PBXGroup section */

/* Begin PBXNativeTarget section */
		5AEEBAA81F98994D00E006F3 /* JongHelper */ = {
			isa = PBXNativeTarget;
			buildConfigurationList = 5AEEBABB1F98994D00E006F3 /* Build configuration list for PBXNativeTarget "JongHelper" */;
			buildPhases = (
				5AEEBAA51F98994D00E006F3 /* Sources */,
				5AEEBAA61F98994D00E006F3 /* Frameworks */,
				5AEEBAA71F98994D00E006F3 /* Resources */,
			);
			buildRules = (
			);
			dependencies = (
			);
			name = JongHelper;
			productName = JongHelper;
			productReference = 5AEEBAA91F98994D00E006F3 /* JongHelper.app */;
			productType = "com.apple.product-type.application";
		};
/* End PBXNativeTarget section */

/* Begin PBXProject section */
		5AEEBAA11F98994D00E006F3 /* Project object */ = {
			isa = PBXProject;
			attributes = {
				LastSwiftUpdateCheck = 0900;
				LastUpgradeCheck = 0900;
				ORGANIZATIONNAME = tomato;
				TargetAttributes = {
					5AEEBAA81F98994D00E006F3 = {
						CreatedOnToolsVersion = 9.0.1;
						LastSwiftMigration = 0900;
						ProvisioningStyle = Automatic;
					};
				};
			};
			buildConfigurationList = 5AEEBAA41F98994D00E006F3 /* Build configuration list for PBXProject "JongHelper" */;
			compatibilityVersion = "Xcode 8.0";
			developmentRegion = en;
			hasScannedForEncodings = 0;
			knownRegions = (
				en,
				Base,
			);
			mainGroup = 5AEEBAA01F98994D00E006F3;
			productRefGroup = 5AEEBAAA1F98994D00E006F3 /* Products */;
			projectDirPath = "";
			projectRoot = "";
			targets = (
				5AEEBAA81F98994D00E006F3 /* JongHelper */,
			);
		};
/* End PBXProject section */

/* Begin PBXResourcesBuildPhase section */
		5AEEBAA71F98994D00E006F3 /* Resources */ = {
			isa = PBXResourcesBuildPhase;
			buildActionMask = 2147483647;
			files = (
				5A46BE921F9AE1D1008F1ACB /* TehaiView.xib in Resources */,
				5A3A0D811F9F2EA8007004CC /* TokutenView.storyboard in Resources */,
				5A46BEA61F9B1DB0008F1ACB /* TenpaiView.xib in Resources */,
				5AA52CCA1F9C1D4F006107AB /* TenpaiTableViewCell.xib in Resources */,
				5A46BE8E1F9AE181008F1ACB /* Resource in Resources */,
				5A3A0D851F9F39E3007004CC /* SettingView.storyboard in Resources */,
				5A450A581FA053C400A63FB5 /* YakuTableViewCell.xib in Resources */,
				5A450A601FA1BE2D00A63FB5 /* AgariView.xib in Resources */,
				5A46BEA01F9B139C008F1ACB /* NotenView.xib in Resources */,
				5AEEBAB71F98994D00E006F3 /* LaunchScreen.storyboard in Resources */,
				5AEEBAB41F98994D00E006F3 /* Assets.xcassets in Resources */,
				5A46BE911F9AE1D1008F1ACB /* TehaiTableViewCell.xib in Resources */,
				5AA66FC11FB2C04600850EA9 /* NotenYakuView.xib in Resources */,
				5A450A5C1FA191D500A63FB5 /* HaiSelecterView.storyboard in Resources */,
				5AEEBAB21F98994D00E006F3 /* Main.storyboard in Resources */,
				5AA66FC71FB2CA8F00850EA9 /* NotenYakuViewCell.xib in Resources */,
			);
			runOnlyForDeploymentPostprocessing = 0;
		};
/* End PBXResourcesBuildPhase section */

/* Begin PBXSourcesBuildPhase section */
		5AEEBAA51F98994D00E006F3 /* Sources */ = {
			isa = PBXSourcesBuildPhase;
			buildActionMask = 2147483647;
			files = (
				5A450A5A1FA07E2B00A63FB5 /* AgariTapGestureRecognizer.swift in Sources */,
				5AA52CBD1F9B51E1006107AB /* Solver_Syuntsu.swift in Sources */,
				5AA52CC21F9B51E1006107AB /* Solver_Tenpai.swift in Sources */,
				5AEEBAAF1F98994D00E006F3 /* ViewController.swift in Sources */,
				5AA52CD01F9C5101006107AB /* TokutenViewController.swift in Sources */,
				6B31C7761F9BE2FE00B612D6 /* Recognizer.swift in Sources */,
				5AA52CBB1F9B51E1006107AB /* Solver_PersonalSituation.swift in Sources */,
				5AA66FC31FB2C0C500850EA9 /* NotenYakuView.swift in Sources */,
				5A46BEA21F9B13BB008F1ACB /* NotenView.swift in Sources */,
				5A450A571FA053C400A63FB5 /* YakuTableViewCell.swift in Sources */,
				5A46BE8C1F9AD93D008F1ACB /* AVCapture.swift in Sources */,
				5A46BE9A1F9AE51B008F1ACB /* Tile.swift in Sources */,
				5AA52CBE1F9B51E1006107AB /* Solver_Calculator.swift in Sources */,
				5AA52CC41F9B65AA006107AB /* Solver_Noten.swift in Sources */,
				5AA52CB81F9B51E1006107AB /* Solver_Toitsu.swift in Sources */,
				5AA52CC01F9B51E1006107AB /* Solver_GeneralSituation.swift in Sources */,
				5AA52CBC1F9B51E1006107AB /* Solver_Yaku.swift in Sources */,
				5AA66FC61FB2CA8F00850EA9 /* NotenYakuViewCell.swift in Sources */,
				5A46BEA81F9B26AB008F1ACB /* TenpaiView.swift in Sources */,
				5A46BE941F9AE1F0008F1ACB /* TehaiView.swift in Sources */,
				5A450A5E1FA191E400A63FB5 /* HaiSelecterViewController.swift in Sources */,
				5AA52CB91F9B51E1006107AB /* Solver_Mentsu.swift in Sources */,
				5AA52CC91F9C1D4F006107AB /* TenpaiTableViewCell.swift in Sources */,
				5AA52CBF1F9B51E1006107AB /* Solver_Hand.swift in Sources */,
				5A450A621FA1BEBA00A63FB5 /* AgariView.swift in Sources */,
				5AA52CCC1F9C230A006107AB /* TenpaiData.swift in Sources */,
				5AEEBAAD1F98994D00E006F3 /* AppDelegate.swift in Sources */,
				5AA52CBA1F9B51E1006107AB /* Solver_Kotsu.swift in Sources */,
				5A46BE891F9AD48A008F1ACB /* OpenCVWrapper.mm in Sources */,
				5A3A0D831F9F398E007004CC /* SettingViewController.swift in Sources */,
				5A46BE961F9AE204008F1ACB /* TehaiTableViewCell.swift in Sources */,
				6B31C7741F9BE2C900B612D6 /* CoreMLHaiClassifier.mlmodel in Sources */,
				5AA52CC11F9B51E1006107AB /* Solver_CompMentsu.swift in Sources */,
			);
			runOnlyForDeploymentPostprocessing = 0;
		};
/* End PBXSourcesBuildPhase section */

/* Begin PBXVariantGroup section */
		5AEEBAB01F98994D00E006F3 /* Main.storyboard */ = {
			isa = PBXVariantGroup;
			children = (
				5AEEBAB11F98994D00E006F3 /* Base */,
			);
			name = Main.storyboard;
			sourceTree = "<group>";
		};
		5AEEBAB51F98994D00E006F3 /* LaunchScreen.storyboard */ = {
			isa = PBXVariantGroup;
			children = (
				5AEEBAB61F98994D00E006F3 /* Base */,
			);
			name = LaunchScreen.storyboard;
			sourceTree = "<group>";
		};
/* End PBXVariantGroup section */

/* Begin XCBuildConfiguration section */
		5AEEBAB91F98994D00E006F3 /* Debug */ = {
			isa = XCBuildConfiguration;
			buildSettings = {
				ALWAYS_SEARCH_USER_PATHS = NO;
				CLANG_ANALYZER_NONNULL = YES;
				CLANG_ANALYZER_NUMBER_OBJECT_CONVERSION = YES_AGGRESSIVE;
				CLANG_CXX_LANGUAGE_STANDARD = "gnu++14";
				CLANG_CXX_LIBRARY = "libc++";
				CLANG_ENABLE_MODULES = YES;
				CLANG_ENABLE_OBJC_ARC = YES;
				CLANG_WARN_BLOCK_CAPTURE_AUTORELEASING = YES;
				CLANG_WARN_BOOL_CONVERSION = YES;
				CLANG_WARN_COMMA = YES;
				CLANG_WARN_CONSTANT_CONVERSION = YES;
				CLANG_WARN_DIRECT_OBJC_ISA_USAGE = YES_ERROR;
				CLANG_WARN_DOCUMENTATION_COMMENTS = YES;
				CLANG_WARN_EMPTY_BODY = YES;
				CLANG_WARN_ENUM_CONVERSION = YES;
				CLANG_WARN_INFINITE_RECURSION = YES;
				CLANG_WARN_INT_CONVERSION = YES;
				CLANG_WARN_NON_LITERAL_NULL_CONVERSION = YES;
				CLANG_WARN_OBJC_LITERAL_CONVERSION = YES;
				CLANG_WARN_OBJC_ROOT_CLASS = YES_ERROR;
				CLANG_WARN_RANGE_LOOP_ANALYSIS = YES;
				CLANG_WARN_STRICT_PROTOTYPES = YES;
				CLANG_WARN_SUSPICIOUS_MOVE = YES;
				CLANG_WARN_UNGUARDED_AVAILABILITY = YES_AGGRESSIVE;
				CLANG_WARN_UNREACHABLE_CODE = YES;
				CLANG_WARN__DUPLICATE_METHOD_MATCH = YES;
				CODE_SIGN_IDENTITY = "iPhone Developer";
				COPY_PHASE_STRIP = NO;
				DEBUG_INFORMATION_FORMAT = dwarf;
				ENABLE_STRICT_OBJC_MSGSEND = YES;
				ENABLE_TESTABILITY = YES;
				GCC_C_LANGUAGE_STANDARD = gnu11;
				GCC_DYNAMIC_NO_PIC = NO;
				GCC_NO_COMMON_BLOCKS = YES;
				GCC_OPTIMIZATION_LEVEL = 0;
				GCC_PREPROCESSOR_DEFINITIONS = (
					"DEBUG=1",
					"$(inherited)",
				);
				GCC_WARN_64_TO_32_BIT_CONVERSION = YES;
				GCC_WARN_ABOUT_RETURN_TYPE = YES_ERROR;
				GCC_WARN_UNDECLARED_SELECTOR = YES;
				GCC_WARN_UNINITIALIZED_AUTOS = YES_AGGRESSIVE;
				GCC_WARN_UNUSED_FUNCTION = YES;
				GCC_WARN_UNUSED_VARIABLE = YES;
				IPHONEOS_DEPLOYMENT_TARGET = 11.0;
				MTL_ENABLE_DEBUG_INFO = YES;
				ONLY_ACTIVE_ARCH = YES;
				SDKROOT = iphoneos;
				SWIFT_ACTIVE_COMPILATION_CONDITIONS = DEBUG;
				SWIFT_OPTIMIZATION_LEVEL = "-Onone";
			};
			name = Debug;
		};
		5AEEBABA1F98994D00E006F3 /* Release */ = {
			isa = XCBuildConfiguration;
			buildSettings = {
				ALWAYS_SEARCH_USER_PATHS = NO;
				CLANG_ANALYZER_NONNULL = YES;
				CLANG_ANALYZER_NUMBER_OBJECT_CONVERSION = YES_AGGRESSIVE;
				CLANG_CXX_LANGUAGE_STANDARD = "gnu++14";
				CLANG_CXX_LIBRARY = "libc++";
				CLANG_ENABLE_MODULES = YES;
				CLANG_ENABLE_OBJC_ARC = YES;
				CLANG_WARN_BLOCK_CAPTURE_AUTORELEASING = YES;
				CLANG_WARN_BOOL_CONVERSION = YES;
				CLANG_WARN_COMMA = YES;
				CLANG_WARN_CONSTANT_CONVERSION = YES;
				CLANG_WARN_DIRECT_OBJC_ISA_USAGE = YES_ERROR;
				CLANG_WARN_DOCUMENTATION_COMMENTS = YES;
				CLANG_WARN_EMPTY_BODY = YES;
				CLANG_WARN_ENUM_CONVERSION = YES;
				CLANG_WARN_INFINITE_RECURSION = YES;
				CLANG_WARN_INT_CONVERSION = YES;
				CLANG_WARN_NON_LITERAL_NULL_CONVERSION = YES;
				CLANG_WARN_OBJC_LITERAL_CONVERSION = YES;
				CLANG_WARN_OBJC_ROOT_CLASS = YES_ERROR;
				CLANG_WARN_RANGE_LOOP_ANALYSIS = YES;
				CLANG_WARN_STRICT_PROTOTYPES = YES;
				CLANG_WARN_SUSPICIOUS_MOVE = YES;
				CLANG_WARN_UNGUARDED_AVAILABILITY = YES_AGGRESSIVE;
				CLANG_WARN_UNREACHABLE_CODE = YES;
				CLANG_WARN__DUPLICATE_METHOD_MATCH = YES;
				CODE_SIGN_IDENTITY = "iPhone Developer";
				COPY_PHASE_STRIP = NO;
				DEBUG_INFORMATION_FORMAT = "dwarf-with-dsym";
				ENABLE_NS_ASSERTIONS = NO;
				ENABLE_STRICT_OBJC_MSGSEND = YES;
				GCC_C_LANGUAGE_STANDARD = gnu11;
				GCC_NO_COMMON_BLOCKS = YES;
				GCC_WARN_64_TO_32_BIT_CONVERSION = YES;
				GCC_WARN_ABOUT_RETURN_TYPE = YES_ERROR;
				GCC_WARN_UNDECLARED_SELECTOR = YES;
				GCC_WARN_UNINITIALIZED_AUTOS = YES_AGGRESSIVE;
				GCC_WARN_UNUSED_FUNCTION = YES;
				GCC_WARN_UNUSED_VARIABLE = YES;
				IPHONEOS_DEPLOYMENT_TARGET = 11.0;
				MTL_ENABLE_DEBUG_INFO = NO;
				SDKROOT = iphoneos;
				SWIFT_OPTIMIZATION_LEVEL = "-Owholemodule";
				VALIDATE_PRODUCT = YES;
			};
			name = Release;
		};
		5AEEBABC1F98994D00E006F3 /* Debug */ = {
			isa = XCBuildConfiguration;
			buildSettings = {
				ASSETCATALOG_COMPILER_APPICON_NAME = AppIcon;
				CLANG_ENABLE_MODULES = YES;
				"CODE_SIGN_IDENTITY[sdk=iphoneos*]" = "iPhone Developer";
				CODE_SIGN_STYLE = Automatic;
				DEVELOPMENT_TEAM = W737JSVWP9;
				FRAMEWORK_SEARCH_PATHS = (
					"$(inherited)",
					"$(PROJECT_DIR)/JongHelper",
				);
				INFOPLIST_FILE = JongHelper/Info.plist;
				IPHONEOS_DEPLOYMENT_TARGET = 11.0;
				LD_RUNPATH_SEARCH_PATHS = "$(inherited) @executable_path/Frameworks";
				PRODUCT_BUNDLE_IDENTIFIER = nakashima.JongHelper;
				PRODUCT_NAME = "$(TARGET_NAME)";
				PROVISIONING_PROFILE_SPECIFIER = "";
				SWIFT_OBJC_BRIDGING_HEADER = "JongHelper/JongHelper-Bridging-Header.h";
				SWIFT_OPTIMIZATION_LEVEL = "-Onone";
				SWIFT_VERSION = 4.0;
				TARGETED_DEVICE_FAMILY = "1,2";
			};
			name = Debug;
		};
		5AEEBABD1F98994D00E006F3 /* Release */ = {
			isa = XCBuildConfiguration;
			buildSettings = {
				ASSETCATALOG_COMPILER_APPICON_NAME = AppIcon;
				CLANG_ENABLE_MODULES = YES;
				"CODE_SIGN_IDENTITY[sdk=iphoneos*]" = "iPhone Developer";
				CODE_SIGN_STYLE = Automatic;
				DEVELOPMENT_TEAM = W737JSVWP9;
				FRAMEWORK_SEARCH_PATHS = (
					"$(inherited)",
					"$(PROJECT_DIR)/JongHelper",
				);
				INFOPLIST_FILE = JongHelper/Info.plist;
				IPHONEOS_DEPLOYMENT_TARGET = 11.0;
				LD_RUNPATH_SEARCH_PATHS = "$(inherited) @executable_path/Frameworks";
				PRODUCT_BUNDLE_IDENTIFIER = nakashima.JongHelper;
				PRODUCT_NAME = "$(TARGET_NAME)";
				PROVISIONING_PROFILE_SPECIFIER = "";
				SWIFT_OBJC_BRIDGING_HEADER = "JongHelper/JongHelper-Bridging-Header.h";
				SWIFT_VERSION = 4.0;
				TARGETED_DEVICE_FAMILY = "1,2";
			};
			name = Release;
		};
/* End XCBuildConfiguration section */

/* Begin XCConfigurationList section */
		5AEEBAA41F98994D00E006F3 /* Build configuration list for PBXProject "JongHelper" */ = {
			isa = XCConfigurationList;
			buildConfigurations = (
				5AEEBAB91F98994D00E006F3 /* Debug */,
				5AEEBABA1F98994D00E006F3 /* Release */,
			);
			defaultConfigurationIsVisible = 0;
			defaultConfigurationName = Release;
		};
		5AEEBABB1F98994D00E006F3 /* Build configuration list for PBXNativeTarget "JongHelper" */ = {
			isa = XCConfigurationList;
			buildConfigurations = (
				5AEEBABC1F98994D00E006F3 /* Debug */,
				5AEEBABD1F98994D00E006F3 /* Release */,
			);
			defaultConfigurationIsVisible = 0;
			defaultConfigurationName = Release;
		};
/* End XCConfigurationList section */
	};
	rootObject = 5AEEBAA11F98994D00E006F3 /* Project object */;
}
